
Microsoft Visual Studio Solution File, Format Version 12.00
# Visual Studio Version 16
VisualStudioVersion = 16.0.31005.135
MinimumVisualStudioVersion = 10.0.40219.1
Project("{FAE04EC0-301F-11D3-BF4B-00C04F79EFBC}") = "Singleton", "Singleton\Singleton.csproj", "{A1BB6DBD-0A3C-43DA-A183-EDC3BD310030}"
EndProject
Project("{FAE04EC0-301F-11D3-BF4B-00C04F79EFBC}") = "FactoryMethod", "FactoryMethod\FactoryMethod.csproj", "{F91C96F2-8474-4180-A08D-45E938050CF6}"
EndProject
Project("{FAE04EC0-301F-11D3-BF4B-00C04F79EFBC}") = "AbstractFactory", "AbstractFactory\AbstractFactory.csproj", "{047CA24E-069F-4FA6-9F81-2FA4A07CC71D}"
EndProject
Global
	GlobalSection(SolutionConfigurationPlatforms) = preSolution
		Debug|Any CPU = Debug|Any CPU
		Release|Any CPU = Release|Any CPU
	EndGlobalSection
	GlobalSection(ProjectConfigurationPlatforms) = postSolution
		{A1BB6DBD-0A3C-43DA-A183-EDC3BD310030}.Debug|Any CPU.ActiveCfg = Debug|Any CPU
		{A1BB6DBD-0A3C-43DA-A183-EDC3BD310030}.Debug|Any CPU.Build.0 = Debug|Any CPU
		{A1BB6DBD-0A3C-43DA-A183-EDC3BD310030}.Release|Any CPU.ActiveCfg = Release|Any CPU
		{A1BB6DBD-0A3C-43DA-A183-EDC3BD310030}.Release|Any CPU.Build.0 = Release|Any CPU
		{F91C96F2-8474-4180-A08D-45E938050CF6}.Debug|Any CPU.ActiveCfg = Debug|Any CPU
		{F91C96F2-8474-4180-A08D-45E938050CF6}.Debug|Any CPU.Build.0 = Debug|Any CPU
		{F91C96F2-8474-4180-A08D-45E938050CF6}.Release|Any CPU.ActiveCfg = Release|Any CPU
		{F91C96F2-8474-4180-A08D-45E938050CF6}.Release|Any CPU.Build.0 = Release|Any CPU
		{047CA24E-069F-4FA6-9F81-2FA4A07CC71D}.Debug|Any CPU.ActiveCfg = Debug|Any CPU
		{047CA24E-069F-4FA6-9F81-2FA4A07CC71D}.Debug|Any CPU.Build.0 = Debug|Any CPU
		{047CA24E-069F-4FA6-9F81-2FA4A07CC71D}.Release|Any CPU.ActiveCfg = Release|Any CPU
		{047CA24E-069F-4FA6-9F81-2FA4A07CC71D}.Release|Any CPU.Build.0 = Release|Any CPU
	EndGlobalSection
	GlobalSection(SolutionProperties) = preSolution
		HideSolutionNode = FALSE
	EndGlobalSection
	GlobalSection(ExtensibilityGlobals) = postSolution
		SolutionGuid = {76345E71-0730-4725-A277-2C334AED996D}
	EndGlobalSection
EndGlobal
