
Microsoft Visual Studio Solution File, Format Version 12.00
# Visual Studio Version 16
VisualStudioVersion = 16.0.31005.135
MinimumVisualStudioVersion = 10.0.40219.1
Project("{9A19103F-16F7-4668-BE54-9A1E7A4F7556}") = "Singleton", "Singleton\Singleton.csproj", "{A1BB6DBD-0A3C-43DA-A183-EDC3BD310030}"
EndProject
Project("{9A19103F-16F7-4668-BE54-9A1E7A4F7556}") = "FactoryMethod", "FactoryMethod\FactoryMethod.csproj", "{F91C96F2-8474-4180-A08D-45E938050CF6}"
EndProject
Project("{9A19103F-16F7-4668-BE54-9A1E7A4F7556}") = "AbstractFactory", "AbstractFactory\AbstractFactory.csproj", "{047CA24E-069F-4FA6-9F81-2FA4A07CC71D}"
EndProject
Project("{9A19103F-16F7-4668-BE54-9A1E7A4F7556}") = "Prototype", "Prototype\Prototype.csproj", "{1741C3BB-D0AA-4FDA-9556-086386FFAEF9}"
EndProject
Project("{9A19103F-16F7-4668-BE54-9A1E7A4F7556}") = "Builder", "Builder\Builder.csproj", "{AC1D2C35-70E7-4C7D-A44E-79166AE14D0C}"
EndProject
Project("{9A19103F-16F7-4668-BE54-9A1E7A4F7556}") = "Facade", "Facade\Facade.csproj", "{98CA1A49-C5FF-4C72-A371-909C58B51DE5}"
EndProject
Project("{9A19103F-16F7-4668-BE54-9A1E7A4F7556}") = "Adapter", "Adapter\Adapter.csproj", "{8B3405FB-43C7-49C8-A0AF-5DE81BDE98B3}"
EndProject
Project("{9A19103F-16F7-4668-BE54-9A1E7A4F7556}") = "Composite", "Composite\Composite.csproj", "{63335B26-9D9B-4C7E-B4AB-E7FE512C50A2}"
EndProject
Project("{9A19103F-16F7-4668-BE54-9A1E7A4F7556}") = "Proxy", "Proxy\Proxy.csproj", "{1C50A519-2583-4385-AA61-B1ED1416CC2C}"
EndProject
Project("{9A19103F-16F7-4668-BE54-9A1E7A4F7556}") = "Decorator", "Decorator\Decorator.csproj", "{110386B2-4F08-4CF7-BF5A-9279F03C8010}"
EndProject
Project("{9A19103F-16F7-4668-BE54-9A1E7A4F7556}") = "Bridge", "Bridge\Bridge.csproj", "{586C0E7F-3140-484E-8BC1-1E1A18A0DAA7}"
EndProject
Project("{9A19103F-16F7-4668-BE54-9A1E7A4F7556}") = "Strategy", "Strategy\Strategy.csproj", "{E6B1686A-0A8B-484E-AD30-64E80EDB4ACF}"
EndProject
Project("{9A19103F-16F7-4668-BE54-9A1E7A4F7556}") = "Observer", "Observer\Observer.csproj", "{C9A0DF30-5746-43CE-A216-7917689FB769}"
EndProject
Project("{9A19103F-16F7-4668-BE54-9A1E7A4F7556}") = "ChainOfResponsibility", "ChainOfResponsibility\ChainOfResponsibility.csproj", "{F82C6BF6-00A7-4CD6-A184-43C2312D458D}"
EndProject
Project("{9A19103F-16F7-4668-BE54-9A1E7A4F7556}") = "Memento", "Memento\Memento.csproj", "{5A4B2C59-395C-4E38-9055-ECC816D4C82F}"
EndProject
Project("{FAE04EC0-301F-11D3-BF4B-00C04F79EFBC}") = "TemplateMethod", "TemplateMethod\TemplateMethod.csproj", "{9F2454AE-E482-4E75-B84D-460BF1D3EDBF}"
EndProject
Global
	GlobalSection(SolutionConfigurationPlatforms) = preSolution
		Debug|Any CPU = Debug|Any CPU
		Release|Any CPU = Release|Any CPU
	EndGlobalSection
	GlobalSection(ProjectConfigurationPlatforms) = postSolution
		{A1BB6DBD-0A3C-43DA-A183-EDC3BD310030}.Debug|Any CPU.ActiveCfg = Debug|Any CPU
		{A1BB6DBD-0A3C-43DA-A183-EDC3BD310030}.Debug|Any CPU.Build.0 = Debug|Any CPU
		{A1BB6DBD-0A3C-43DA-A183-EDC3BD310030}.Release|Any CPU.ActiveCfg = Release|Any CPU
		{A1BB6DBD-0A3C-43DA-A183-EDC3BD310030}.Release|Any CPU.Build.0 = Release|Any CPU
		{F91C96F2-8474-4180-A08D-45E938050CF6}.Debug|Any CPU.ActiveCfg = Debug|Any CPU
		{F91C96F2-8474-4180-A08D-45E938050CF6}.Debug|Any CPU.Build.0 = Debug|Any CPU
		{F91C96F2-8474-4180-A08D-45E938050CF6}.Release|Any CPU.ActiveCfg = Release|Any CPU
		{F91C96F2-8474-4180-A08D-45E938050CF6}.Release|Any CPU.Build.0 = Release|Any CPU
		{047CA24E-069F-4FA6-9F81-2FA4A07CC71D}.Debug|Any CPU.ActiveCfg = Debug|Any CPU
		{047CA24E-069F-4FA6-9F81-2FA4A07CC71D}.Debug|Any CPU.Build.0 = Debug|Any CPU
		{047CA24E-069F-4FA6-9F81-2FA4A07CC71D}.Release|Any CPU.ActiveCfg = Release|Any CPU
		{047CA24E-069F-4FA6-9F81-2FA4A07CC71D}.Release|Any CPU.Build.0 = Release|Any CPU
		{1741C3BB-D0AA-4FDA-9556-086386FFAEF9}.Debug|Any CPU.ActiveCfg = Debug|Any CPU
		{1741C3BB-D0AA-4FDA-9556-086386FFAEF9}.Debug|Any CPU.Build.0 = Debug|Any CPU
		{1741C3BB-D0AA-4FDA-9556-086386FFAEF9}.Release|Any CPU.ActiveCfg = Release|Any CPU
		{1741C3BB-D0AA-4FDA-9556-086386FFAEF9}.Release|Any CPU.Build.0 = Release|Any CPU
		{AC1D2C35-70E7-4C7D-A44E-79166AE14D0C}.Debug|Any CPU.ActiveCfg = Debug|Any CPU
		{AC1D2C35-70E7-4C7D-A44E-79166AE14D0C}.Debug|Any CPU.Build.0 = Debug|Any CPU
		{AC1D2C35-70E7-4C7D-A44E-79166AE14D0C}.Release|Any CPU.ActiveCfg = Release|Any CPU
		{AC1D2C35-70E7-4C7D-A44E-79166AE14D0C}.Release|Any CPU.Build.0 = Release|Any CPU
		{98CA1A49-C5FF-4C72-A371-909C58B51DE5}.Debug|Any CPU.ActiveCfg = Debug|Any CPU
		{98CA1A49-C5FF-4C72-A371-909C58B51DE5}.Debug|Any CPU.Build.0 = Debug|Any CPU
		{98CA1A49-C5FF-4C72-A371-909C58B51DE5}.Release|Any CPU.ActiveCfg = Release|Any CPU
		{98CA1A49-C5FF-4C72-A371-909C58B51DE5}.Release|Any CPU.Build.0 = Release|Any CPU
		{8B3405FB-43C7-49C8-A0AF-5DE81BDE98B3}.Debug|Any CPU.ActiveCfg = Debug|Any CPU
		{8B3405FB-43C7-49C8-A0AF-5DE81BDE98B3}.Debug|Any CPU.Build.0 = Debug|Any CPU
		{8B3405FB-43C7-49C8-A0AF-5DE81BDE98B3}.Release|Any CPU.ActiveCfg = Release|Any CPU
		{8B3405FB-43C7-49C8-A0AF-5DE81BDE98B3}.Release|Any CPU.Build.0 = Release|Any CPU
		{63335B26-9D9B-4C7E-B4AB-E7FE512C50A2}.Debug|Any CPU.ActiveCfg = Debug|Any CPU
		{63335B26-9D9B-4C7E-B4AB-E7FE512C50A2}.Debug|Any CPU.Build.0 = Debug|Any CPU
		{63335B26-9D9B-4C7E-B4AB-E7FE512C50A2}.Release|Any CPU.ActiveCfg = Release|Any CPU
		{63335B26-9D9B-4C7E-B4AB-E7FE512C50A2}.Release|Any CPU.Build.0 = Release|Any CPU
		{1C50A519-2583-4385-AA61-B1ED1416CC2C}.Debug|Any CPU.ActiveCfg = Debug|Any CPU
		{1C50A519-2583-4385-AA61-B1ED1416CC2C}.Debug|Any CPU.Build.0 = Debug|Any CPU
		{1C50A519-2583-4385-AA61-B1ED1416CC2C}.Release|Any CPU.ActiveCfg = Release|Any CPU
		{1C50A519-2583-4385-AA61-B1ED1416CC2C}.Release|Any CPU.Build.0 = Release|Any CPU
		{110386B2-4F08-4CF7-BF5A-9279F03C8010}.Debug|Any CPU.ActiveCfg = Debug|Any CPU
		{110386B2-4F08-4CF7-BF5A-9279F03C8010}.Debug|Any CPU.Build.0 = Debug|Any CPU
		{110386B2-4F08-4CF7-BF5A-9279F03C8010}.Release|Any CPU.ActiveCfg = Release|Any CPU
		{110386B2-4F08-4CF7-BF5A-9279F03C8010}.Release|Any CPU.Build.0 = Release|Any CPU
		{586C0E7F-3140-484E-8BC1-1E1A18A0DAA7}.Debug|Any CPU.ActiveCfg = Debug|Any CPU
		{586C0E7F-3140-484E-8BC1-1E1A18A0DAA7}.Debug|Any CPU.Build.0 = Debug|Any CPU
		{586C0E7F-3140-484E-8BC1-1E1A18A0DAA7}.Release|Any CPU.ActiveCfg = Release|Any CPU
		{586C0E7F-3140-484E-8BC1-1E1A18A0DAA7}.Release|Any CPU.Build.0 = Release|Any CPU
		{E6B1686A-0A8B-484E-AD30-64E80EDB4ACF}.Debug|Any CPU.ActiveCfg = Debug|Any CPU
		{E6B1686A-0A8B-484E-AD30-64E80EDB4ACF}.Debug|Any CPU.Build.0 = Debug|Any CPU
		{E6B1686A-0A8B-484E-AD30-64E80EDB4ACF}.Release|Any CPU.ActiveCfg = Release|Any CPU
		{E6B1686A-0A8B-484E-AD30-64E80EDB4ACF}.Release|Any CPU.Build.0 = Release|Any CPU
		{C9A0DF30-5746-43CE-A216-7917689FB769}.Debug|Any CPU.ActiveCfg = Debug|Any CPU
		{C9A0DF30-5746-43CE-A216-7917689FB769}.Debug|Any CPU.Build.0 = Debug|Any CPU
		{C9A0DF30-5746-43CE-A216-7917689FB769}.Release|Any CPU.ActiveCfg = Release|Any CPU
		{C9A0DF30-5746-43CE-A216-7917689FB769}.Release|Any CPU.Build.0 = Release|Any CPU
		{F82C6BF6-00A7-4CD6-A184-43C2312D458D}.Debug|Any CPU.ActiveCfg = Debug|Any CPU
		{F82C6BF6-00A7-4CD6-A184-43C2312D458D}.Debug|Any CPU.Build.0 = Debug|Any CPU
		{F82C6BF6-00A7-4CD6-A184-43C2312D458D}.Release|Any CPU.ActiveCfg = Release|Any CPU
		{F82C6BF6-00A7-4CD6-A184-43C2312D458D}.Release|Any CPU.Build.0 = Release|Any CPU
		{5A4B2C59-395C-4E38-9055-ECC816D4C82F}.Debug|Any CPU.ActiveCfg = Debug|Any CPU
		{5A4B2C59-395C-4E38-9055-ECC816D4C82F}.Debug|Any CPU.Build.0 = Debug|Any CPU
		{5A4B2C59-395C-4E38-9055-ECC816D4C82F}.Release|Any CPU.ActiveCfg = Release|Any CPU
		{5A4B2C59-395C-4E38-9055-ECC816D4C82F}.Release|Any CPU.Build.0 = Release|Any CPU
		{9F2454AE-E482-4E75-B84D-460BF1D3EDBF}.Debug|Any CPU.ActiveCfg = Debug|Any CPU
		{9F2454AE-E482-4E75-B84D-460BF1D3EDBF}.Debug|Any CPU.Build.0 = Debug|Any CPU
		{9F2454AE-E482-4E75-B84D-460BF1D3EDBF}.Release|Any CPU.ActiveCfg = Release|Any CPU
		{9F2454AE-E482-4E75-B84D-460BF1D3EDBF}.Release|Any CPU.Build.0 = Release|Any CPU
	EndGlobalSection
	GlobalSection(SolutionProperties) = preSolution
		HideSolutionNode = FALSE
	EndGlobalSection
	GlobalSection(ExtensibilityGlobals) = postSolution
		SolutionGuid = {76345E71-0730-4725-A277-2C334AED996D}
	EndGlobalSection
EndGlobal
